{
  "nodes": {
    "flake-compat": {
      "flake": false,
      "locked": {
        "lastModified": 1673956053,
        "narHash": "sha256-4gtG9iQuiKITOjNQQeQIpoIB6b16fm+504Ch3sNKLd8=",
        "owner": "edolstra",
        "repo": "flake-compat",
        "rev": "35bb57c0c8d8b62bbfd284272c928ceb64ddbde9",
        "type": "github"
      },
      "original": {
        "owner": "edolstra",
        "repo": "flake-compat",
        "type": "github"
      }
    },
    "flake-utils": {
      "locked": {
        "lastModified": 1676283394,
        "narHash": "sha256-XX2f9c3iySLCw54rJ/CZs+ZK6IQy7GXNY4nSOyu2QG4=",
        "owner": "numtide",
        "repo": "flake-utils",
        "rev": "3db36a8b464d0c4532ba1c7dda728f4576d6d073",
        "type": "github"
      },
      "original": {
        "owner": "numtide",
        "repo": "flake-utils",
        "type": "github"
      }
    },
    "fourmolu": {
      "flake": false,
      "locked": {
        "lastModified": 1670109894,
        "narHash": "sha256-dnG8zLVzKKdaXUrDtv7bOqHM9123kYRC88QiJcKJqfM=",
        "owner": "fourmolu",
        "repo": "fourmolu",
        "rev": "a853059c6689da8aa2a0aa450b75a6e3e560a6b2",
        "type": "github"
      },
      "original": {
        "owner": "fourmolu",
        "ref": "v0.10.1.0",
        "repo": "fourmolu",
        "type": "github"
      }
    },
    "nixpkgs": {
      "locked": {
        "lastModified": 1678298120,
        "narHash": "sha256-iaV5xqgn29xy765Js3EoZePQyZIlLZA3pTYtTnKkejg=",
        "owner": "NixOs",
        "repo": "nixpkgs",
        "rev": "1e383aada51b416c6c27d4884d2e258df201bc11",
        "type": "github"
      },
      "original": {
        "owner": "NixOs",
        "ref": "nixpkgs-unstable",
        "repo": "nixpkgs",
        "type": "github"
      }
    },
    "root": {
      "inputs": {
        "flake-compat": "flake-compat",
        "flake-utils": "flake-utils",
        "fourmolu": "fourmolu",
        "nixpkgs": "nixpkgs"
      }
    }
  },
  "root": "root",
  "version": 7
}
